{
    "_meta": {
        "hash": {
            "sha256": "7cae762402f508f7df21778b4a6dea5308eaaaf789d75b5f39338777642e6d2f"
        },
        "pipfile-spec": 6,
        "requires": {
            "python_version": "3.8"
        },
        "sources": [
            {
                "name": "pypi",
                "url": "https://pypi.org/simple",
                "verify_ssl": true
            }
        ]
    },
    "default": {
        "djangorestframework": {
            "hashes": [
                "sha256:1f274ebbb930dfa709751fac31b2332b2e662303f8c66d7eacea534702611e34",
                "sha256:bd389598d052fb79a68904eff35d34303118b5c2abefa65329b5f1a07b571ce1"
            ],
            "index": "pypi",
            "version": "==3.10"
        }
    },
    "develop": {}
}
